{
  "name": "copilot-configuration-webapp",
  "version": "0.1.0",
  "lockfileVersion": 2,
  "requires": true,
  "packages": {
    "": {
      "name": "copilot-configuration-webapp",
      "version": "0.1.0",
      "dependencies": {
        "next": "^13.0.0",
        "react": "^18.0.0",
        "react-dom": "^18.0.0"
      }
    }
  }
}